<?xml version="1.0" encoding="UTF-8" standalone="yes" ?>
<CodeBlocks_project_file>
	<FileVersion major="1" minor="6" />
	<Project>
		<Option title="Proyecto_final" />
		<Option pch_mode="2" />
		<Option compiler="gcc-mingw64" />
		<Build>
			<Target title="Debug">
				<Option output="bin/Debug/Proyecto_final" prefix_auto="1" extension_auto="1" />
				<Option object_output="obj/Debug/" />
				<Option type="1" />
				<Option compiler="gcc-mingw64" />
				<Compiler>
					<Add directory="include" />
				</Compiler>
			</Target>
			<Target title="Release">
				<Option output="bin/Release/Proyecto_final" prefix_auto="1" extension_auto="1" />
				<Option object_output="obj/Release/" />
				<Option type="1" />
				<Option compiler="gcc-mingw64" />
				<Compiler>
					<Add directory="include" />
				</Compiler>
			</Target>
		</Build>
		<Compiler>
			<Add directory="dependencies/include" />
		</Compiler>
		<Linker>
			<Add option="-static" />
			<Add option="-lraylib -lglfw3dll -lopengl32 -lgdi32 -lwinmm" />
			<Add directory="dependencies/lib" />
		</Linker>
		<Unit filename="FinalManager.h" />
		<Unit filename="Nodo.cpp" />
		<Unit filename="Nodo.h" />
		<Unit filename="assetMa.h" />
		<Unit filename="bitacora.h" />
		<Unit filename="cronologia.h" />
		<Unit filename="enemigo.cpp" />
		<Unit filename="enemigo.h" />
		<Unit filename="grafo.cpp" />
		<Unit filename="grafo.h" />
		<Unit filename="include/Escena.h" />
		<Unit filename="main.cpp" />
		<Unit filename="personaje.cpp" />
		<Unit filename="personaje.h" />
		<Unit filename="rebelde.cpp" />
		<Unit filename="rebelde.h" />
		<Unit filename="src/Escena.cpp" />
		<Unit filename="uiManager.h" />
		<Extensions />
	</Project>
</CodeBlocks_project_file>
